Acquiring state lock. This may take a few moments...
module.webserver_cluster.data.terraform_remote_state.db: Reading...
module.webserver_cluster.data.aws_vpc.default: Reading...
module.webserver_cluster.data.terraform_remote_state.db: Read complete after 2s
module.webserver_cluster.data.aws_vpc.default: Read complete after 0s [id=vpc-0d0e231d9ae549604]
module.webserver_cluster.data.aws_subnets.default: Reading...
module.webserver_cluster.data.aws_subnets.default: Read complete after 1s [id=us-east-2]

Terraform used the selected providers to generate the following execution plan. Resource actions
are indicated with the following symbols:
  + create

Terraform will perform the following actions:

  # aws_autoscaling_schedule.scale_in_at_night will be created
  + resource "aws_autoscaling_schedule" "scale_in_at_night" {
      + arn                    = (known after apply)
      + autoscaling_group_name = (known after apply)
      + desired_capacity       = 2
      + end_time               = (known after apply)
      + id                     = (known after apply)
      + max_size               = 5
      + min_size               = 2
      + recurrence             = "0 17 * * *"
      + scheduled_action_name  = "scale-in-at-night"
      + start_time             = (known after apply)
      + time_zone              = (known after apply)
    }

  # aws_autoscaling_schedule.scale_out_during_business_hours will be created
  + resource "aws_autoscaling_schedule" "scale_out_during_business_hours" {
      + arn                    = (known after apply)
      + autoscaling_group_name = (known after apply)
      + desired_capacity       = 5
      + end_time               = (known after apply)
      + id                     = (known after apply)
      + max_size               = 5
      + min_size               = 2
      + recurrence             = "0 9 * * *"
      + scheduled_action_name  = "scale-out-during-business-hours"
      + start_time             = (known after apply)
      + time_zone              = (known after apply)
    }

  # module.webserver_cluster.aws_autoscaling_group.example will be created
  + resource "aws_autoscaling_group" "example" {
      + arn                       = (known after apply)
      + availability_zones        = (known after apply)
      + default_cooldown          = (known after apply)
      + desired_capacity          = (known after apply)
      + force_delete              = false
      + force_delete_warm_pool    = false
      + health_check_grace_period = 300
      + health_check_type         = "ELB"
      + id                        = (known after apply)
      + launch_configuration      = (known after apply)
      + max_size                  = 4
      + metrics_granularity       = "1Minute"
      + min_size                  = 2
      + name                      = (known after apply)
      + name_prefix               = (known after apply)
      + protect_from_scale_in     = false
      + service_linked_role_arn   = (known after apply)
      + target_group_arns         = (known after apply)
      + vpc_zone_identifier       = [
          + "subnet-0300aa78c53e88859",
          + "subnet-03281135c3d5914a7",
          + "subnet-0e37f7bfde592fea4",
        ]
      + wait_for_capacity_timeout = "10m"

      + tag {
          + key                 = "Name"
          + propagate_at_launch = true
          + value               = "webservers-prod-asg"
        }
    }

  # module.webserver_cluster.aws_launch_configuration.example will be created
  + resource "aws_launch_configuration" "example" {
      + arn                         = (known after apply)
      + associate_public_ip_address = (known after apply)
      + ebs_optimized               = (known after apply)
      + enable_monitoring           = true
      + id                          = (known after apply)
      + image_id                    = "ami-02f3416038bdb17fb"
      + instance_type               = "t2.micro"
      + key_name                    = (known after apply)
      + name                        = (known after apply)
      + name_prefix                 = (known after apply)
      + security_groups             = (known after apply)
      + user_data                   = "017df3b4397cde460df9ce4a5920d8164c2fdf15"

      + ebs_block_device {
          + delete_on_termination = (known after apply)
          + device_name           = (known after apply)
          + encrypted             = (known after apply)
          + iops                  = (known after apply)
          + no_device             = (known after apply)
          + snapshot_id           = (known after apply)
          + throughput            = (known after apply)
          + volume_size           = (known after apply)
          + volume_type           = (known after apply)
        }

      + metadata_options {
          + http_endpoint               = (known after apply)
          + http_put_response_hop_limit = (known after apply)
          + http_tokens                 = (known after apply)
        }

      + root_block_device {
          + delete_on_termination = (known after apply)
          + encrypted             = (known after apply)
          + iops                  = (known after apply)
          + throughput            = (known after apply)
          + volume_size           = (known after apply)
          + volume_type           = (known after apply)
        }
    }

  # module.webserver_cluster.aws_lb.example will be created
  + resource "aws_lb" "example" {
      + arn                        = (known after apply)
      + arn_suffix                 = (known after apply)
      + desync_mitigation_mode     = "defensive"
      + dns_name                   = (known after apply)
      + drop_invalid_header_fields = false
      + enable_deletion_protection = false
      + enable_http2               = true
      + enable_waf_fail_open       = false
      + id                         = (known after apply)
      + idle_timeout               = 60
      + internal                   = (known after apply)
      + ip_address_type            = (known after apply)
      + load_balancer_type         = "application"
      + name                       = "webservers-prod-alb-asg"
      + preserve_host_header       = false
      + security_groups            = (known after apply)
      + subnets                    = [
          + "subnet-0300aa78c53e88859",
          + "subnet-03281135c3d5914a7",
          + "subnet-0e37f7bfde592fea4",
        ]
      + tags_all                   = (known after apply)
      + vpc_id                     = (known after apply)
      + zone_id                    = (known after apply)

      + subnet_mapping {
          + allocation_id        = (known after apply)
          + ipv6_address         = (known after apply)
          + outpost_id           = (known after apply)
          + private_ipv4_address = (known after apply)
          + subnet_id            = (known after apply)
        }
    }

  # module.webserver_cluster.aws_lb_listener.http will be created
  + resource "aws_lb_listener" "http" {
      + arn               = (known after apply)
      + id                = (known after apply)
      + load_balancer_arn = (known after apply)
      + port              = 80
      + protocol          = "HTTP"
      + ssl_policy        = (known after apply)
      + tags_all          = (known after apply)

      + default_action {
          + order = (known after apply)
          + type  = "fixed-response"

          + fixed_response {
              + content_type = "text/plain"
              + message_body = "404: page not found. Oh no..."
              + status_code  = "404"
            }
        }
    }

  # module.webserver_cluster.aws_lb_listener_rule.asg will be created
  + resource "aws_lb_listener_rule" "asg" {
      + arn          = (known after apply)
      + id           = (known after apply)
      + listener_arn = (known after apply)
      + priority     = 100
      + tags_all     = (known after apply)

      + action {
          + order            = (known after apply)
          + target_group_arn = (known after apply)
          + type             = "forward"
        }

      + condition {

          + path_pattern {
              + values = [
                  + "*",
                ]
            }
        }
    }

  # module.webserver_cluster.aws_lb_target_group.asg will be created
  + resource "aws_lb_target_group" "asg" {
      + arn                                = (known after apply)
      + arn_suffix                         = (known after apply)
      + connection_termination             = false
      + deregistration_delay               = "300"
      + id                                 = (known after apply)
      + ip_address_type                    = (known after apply)
      + lambda_multi_value_headers_enabled = false
      + load_balancing_algorithm_type      = (known after apply)
      + name                               = "tf-example-lb-tg"
      + port                               = 8080
      + preserve_client_ip                 = (known after apply)
      + protocol                           = "HTTP"
      + protocol_version                   = (known after apply)
      + proxy_protocol_v2                  = false
      + slow_start                         = 0
      + tags_all                           = (known after apply)
      + target_type                        = "instance"
      + vpc_id                             = "vpc-0d0e231d9ae549604"

      + health_check {
          + enabled             = (known after apply)
          + healthy_threshold   = (known after apply)
          + interval            = (known after apply)
          + matcher             = (known after apply)
          + path                = (known after apply)
          + port                = (known after apply)
          + protocol            = (known after apply)
          + timeout             = (known after apply)
          + unhealthy_threshold = (known after apply)
        }

      + stickiness {
          + cookie_duration = (known after apply)
          + cookie_name     = (known after apply)
          + enabled         = (known after apply)
          + type            = (known after apply)
        }
    }

  # module.webserver_cluster.aws_security_group.alb will be created
  + resource "aws_security_group" "alb" {
      + arn                    = (known after apply)
      + description            = "Managed by Terraform"
      + egress                 = (known after apply)
      + id                     = (known after apply)
      + ingress                = (known after apply)
      + name                   = "webservers-prod-sg-alb"
      + name_prefix            = (known after apply)
      + owner_id               = (known after apply)
      + revoke_rules_on_delete = false
      + tags_all               = (known after apply)
      + vpc_id                 = (known after apply)
    }

  # module.webserver_cluster.aws_security_group.instance will be created
  + resource "aws_security_group" "instance" {
      + arn                    = (known after apply)
      + description            = "Managed by Terraform"
      + egress                 = (known after apply)
      + id                     = (known after apply)
      + ingress                = (known after apply)
      + name                   = "webservers-prod-instance"
      + name_prefix            = (known after apply)
      + owner_id               = (known after apply)
      + revoke_rules_on_delete = false
      + tags_all               = (known after apply)
      + vpc_id                 = (known after apply)
    }

  # module.webserver_cluster.aws_security_group_rule.allow_all_outbound will be created
  + resource "aws_security_group_rule" "allow_all_outbound" {
      + cidr_blocks              = [
          + "0.0.0.0/0",
        ]
      + from_port                = 0
      + id                       = (known after apply)
      + protocol                 = "-1"
      + security_group_id        = (known after apply)
      + self                     = false
      + source_security_group_id = (known after apply)
      + to_port                  = 0
      + type                     = "egress"
    }

  # module.webserver_cluster.aws_security_group_rule.allow_http_inbound will be created
  + resource "aws_security_group_rule" "allow_http_inbound" {
      + cidr_blocks              = [
          + "0.0.0.0/0",
        ]
      + from_port                = 80
      + id                       = (known after apply)
      + protocol                 = "tcp"
      + security_group_id        = (known after apply)
      + self                     = false
      + source_security_group_id = (known after apply)
      + to_port                  = 80
      + type                     = "ingress"
    }

  # module.webserver_cluster.aws_security_group_rule.allow_server_http_inbound will be created
  + resource "aws_security_group_rule" "allow_server_http_inbound" {
      + cidr_blocks              = [
          + "0.0.0.0/0",
        ]
      + from_port                = 8080
      + id                       = (known after apply)
      + protocol                 = "tcp"
      + security_group_id        = (known after apply)
      + self                     = false
      + source_security_group_id = (known after apply)
      + to_port                  = 8080
      + type                     = "ingress"
    }

Plan: 13 to add, 0 to change, 0 to destroy.

Changes to Outputs:
  + alb_dns_name = (known after apply)